# This file is automatically @generated by Cargo.
# It is not intended for manual editing.
version = 4

[[package]]
name = "habitat-audit"
version = "0.1.0"

[[package]]
name = "habitat-cli"
version = "0.1.0"
dependencies = [
 "habitat-audit",
 "habitat-install",
 "habitat-policy",
]

[[package]]
name = "habitat-egress"
version = "0.1.0"

[[package]]
name = "habitat-install"
version = "0.1.0"
dependencies = [
 "habitat-audit",
 "habitat-policy",
]

[[package]]
name = "habitat-policy"
version = "0.1.0"

[[package]]
name = "habitat-vm"
version = "0.1.0"
dependencies = [
 "habitat-policy",
]

[[package]]
name = "habitat-workspace"
version = "0.1.0"
dependencies = [
 "habitat-audit",
 "habitat-policy",
 "habitat-vm",
]
